{
  "name": "rtclive",
  "version": "1.0.0",
  "lockfileVersion": 1,
  "requires": true,
  "dependencies": {
    "@types/events": {
      "version": "3.0.0",
      "resolved": "https://registry.npmjs.org/@types/events/-/events-3.0.0.tgz",
      "integrity": "sha512-EaObqwIvayI5a8dCzhFrjKzVwKLxjoG9T6Ppd5CEo07LRKfQ8Yokw54r5+Wq7FaBQ+yXRvQAYPrHwya1/UFt9g=="
    },
    "events": {
      "version": "3.0.0",
      "resolved": "https://registry.npmjs.org/events/-/events-3.0.0.tgz",
      "integrity": "sha512-Dc381HFWJzEOhQ+d8pkNon++bk9h6cdAoAj4iE6Q4y6xgTzySWXlKn05/TVNpjnfRqi/X0EpJEJohPjNI3zpVA=="
    },
    "rtcpeerconnection-shim": {
      "version": "1.2.15",
      "resolved": "https://registry.npmjs.org/rtcpeerconnection-shim/-/rtcpeerconnection-shim-1.2.15.tgz",
      "integrity": "sha512-C6DxhXt7bssQ1nHb154lqeL0SXz5Dx4RczXZu2Aa/L1NJFnEVDxFwCBo3fqtuljhHIGceg5JKBV4XJ0gW5JKyw==",
      "requires": {
        "sdp": "^2.6.0"
      }
    },
    "sdp": {
      "version": "2.9.0",
      "resolved": "https://registry.npmjs.org/sdp/-/sdp-2.9.0.tgz",
      "integrity": "sha512-XAVZQO4qsfzVTHorF49zCpkdxiGmPNjA8ps8RcJGtGP3QJ/A8I9/SVg/QnkAFDMXIyGbHZBBFwYBw6WdnhT96w=="
    },
    "webrtc-adapter": {
      "version": "7.2.0",
      "resolved": "https://registry.npmjs.org/webrtc-adapter/-/webrtc-adapter-7.2.0.tgz",
      "integrity": "sha512-+QsCKlCTjLVKKhkClQwXXgalyehiIzYcwKL7X2bS8cE/1paG44P8kW3kXOGMDJVy/1rnYMRz1ukYmobmGRw+4w==",
      "requires": {
        "rtcpeerconnection-shim": "^1.2.15",
        "sdp": "^2.9.0"
      }
    }
  }
}
